
Microsoft Visual Studio Solution File, Format Version 12.00
# Visual Studio Version 17
VisualStudioVersion = 17.3.32825.248
MinimumVisualStudioVersion = 10.0.40219.1
Project("{FAE04EC0-301F-11D3-BF4B-00C04F79EFBC}") = "Part 1 - the basics", "Part 1 - the basics\Part 1 - the basics.csproj", "{810F4950-96CA-4E8C-BDD1-D9327A2CDBFB}"
EndProject
Global
	GlobalSection(SolutionConfigurationPlatforms) = preSolution
		Debug|Any CPU = Debug|Any CPU
		Release|Any CPU = Release|Any CPU
	EndGlobalSection
	GlobalSection(ProjectConfigurationPlatforms) = postSolution
		{810F4950-96CA-4E8C-BDD1-D9327A2CDBFB}.Debug|Any CPU.ActiveCfg = Debug|Any CPU
		{810F4950-96CA-4E8C-BDD1-D9327A2CDBFB}.Debug|Any CPU.Build.0 = Debug|Any CPU
		{810F4950-96CA-4E8C-BDD1-D9327A2CDBFB}.Release|Any CPU.ActiveCfg = Release|Any CPU
		{810F4950-96CA-4E8C-BDD1-D9327A2CDBFB}.Release|Any CPU.Build.0 = Release|Any CPU
	EndGlobalSection
	GlobalSection(SolutionProperties) = preSolution
		HideSolutionNode = FALSE
	EndGlobalSection
	GlobalSection(ExtensibilityGlobals) = postSolution
		SolutionGuid = {7F9D9CE8-84BA-4D63-9A08-140E2CB4D166}
	EndGlobalSection
EndGlobal
